
Microsoft Visual Studio Solution File, Format Version 12.00
# Visual Studio Version 17
VisualStudioVersion = 17.7.34003.232
MinimumVisualStudioVersion = 10.0.40219.1
Project("{9A19103F-16F7-4668-BE54-9A1E7A4F7556}") = "DataAccess", "DataAccess\DataAccess.csproj", "{C77E1E80-6EB8-48B6-A6A2-F88093C3AF06}"
EndProject
Project("{9A19103F-16F7-4668-BE54-9A1E7A4F7556}") = "BusinessLogic", "BusinessLogic\BusinessLogic.csproj", "{832109FB-F6ED-4116-BB6A-0153737463FF}"
EndProject
Project("{9A19103F-16F7-4668-BE54-9A1E7A4F7556}") = "Presentation", "Presentation\Presentation.csproj", "{89821511-8CBE-4209-861A-B4EC96E24E31}"
EndProject
Project("{FAE04EC0-301F-11D3-BF4B-00C04F79EFBC}") = "ServiceLocator", "ServiceLocator\ServiceLocator.csproj", "{EA5EBB03-B2CD-44B0-9D0E-6A1CA7C202FA}"
EndProject
Global
	GlobalSection(SolutionConfigurationPlatforms) = preSolution
		Debug|Any CPU = Debug|Any CPU
		Release|Any CPU = Release|Any CPU
	EndGlobalSection
	GlobalSection(ProjectConfigurationPlatforms) = postSolution
		{C77E1E80-6EB8-48B6-A6A2-F88093C3AF06}.Debug|Any CPU.ActiveCfg = Debug|Any CPU
		{C77E1E80-6EB8-48B6-A6A2-F88093C3AF06}.Debug|Any CPU.Build.0 = Debug|Any CPU
		{C77E1E80-6EB8-48B6-A6A2-F88093C3AF06}.Release|Any CPU.ActiveCfg = Release|Any CPU
		{C77E1E80-6EB8-48B6-A6A2-F88093C3AF06}.Release|Any CPU.Build.0 = Release|Any CPU
		{832109FB-F6ED-4116-BB6A-0153737463FF}.Debug|Any CPU.ActiveCfg = Debug|Any CPU
		{832109FB-F6ED-4116-BB6A-0153737463FF}.Debug|Any CPU.Build.0 = Debug|Any CPU
		{832109FB-F6ED-4116-BB6A-0153737463FF}.Release|Any CPU.ActiveCfg = Release|Any CPU
		{832109FB-F6ED-4116-BB6A-0153737463FF}.Release|Any CPU.Build.0 = Release|Any CPU
		{89821511-8CBE-4209-861A-B4EC96E24E31}.Debug|Any CPU.ActiveCfg = Debug|Any CPU
		{89821511-8CBE-4209-861A-B4EC96E24E31}.Debug|Any CPU.Build.0 = Debug|Any CPU
		{89821511-8CBE-4209-861A-B4EC96E24E31}.Release|Any CPU.ActiveCfg = Release|Any CPU
		{89821511-8CBE-4209-861A-B4EC96E24E31}.Release|Any CPU.Build.0 = Release|Any CPU
		{EA5EBB03-B2CD-44B0-9D0E-6A1CA7C202FA}.Debug|Any CPU.ActiveCfg = Debug|Any CPU
		{EA5EBB03-B2CD-44B0-9D0E-6A1CA7C202FA}.Debug|Any CPU.Build.0 = Debug|Any CPU
		{EA5EBB03-B2CD-44B0-9D0E-6A1CA7C202FA}.Release|Any CPU.ActiveCfg = Release|Any CPU
		{EA5EBB03-B2CD-44B0-9D0E-6A1CA7C202FA}.Release|Any CPU.Build.0 = Release|Any CPU
	EndGlobalSection
	GlobalSection(SolutionProperties) = preSolution
		HideSolutionNode = FALSE
	EndGlobalSection
	GlobalSection(ExtensibilityGlobals) = postSolution
		SolutionGuid = {06BFC414-6B9E-4C8D-B6A0-58D3FC9AB5D4}
	EndGlobalSection
EndGlobal
