
Microsoft Visual Studio Solution File, Format Version 12.00
# Visual Studio Version 17
VisualStudioVersion = 17.6.33829.357
MinimumVisualStudioVersion = 10.0.40219.1
Project("{FAE04EC0-301F-11D3-BF4B-00C04F79EFBC}") = "Template Method", "Template Method\Template Method.csproj", "{8F51A16C-69B3-4E27-BE34-01590FD6EEE3}"
EndProject
Global
	GlobalSection(SolutionConfigurationPlatforms) = preSolution
		Debug|Any CPU = Debug|Any CPU
		Release|Any CPU = Release|Any CPU
	EndGlobalSection
	GlobalSection(ProjectConfigurationPlatforms) = postSolution
		{8F51A16C-69B3-4E27-BE34-01590FD6EEE3}.Debug|Any CPU.ActiveCfg = Debug|Any CPU
		{8F51A16C-69B3-4E27-BE34-01590FD6EEE3}.Debug|Any CPU.Build.0 = Debug|Any CPU
		{8F51A16C-69B3-4E27-BE34-01590FD6EEE3}.Release|Any CPU.ActiveCfg = Release|Any CPU
		{8F51A16C-69B3-4E27-BE34-01590FD6EEE3}.Release|Any CPU.Build.0 = Release|Any CPU
	EndGlobalSection
	GlobalSection(SolutionProperties) = preSolution
		HideSolutionNode = FALSE
	EndGlobalSection
	GlobalSection(ExtensibilityGlobals) = postSolution
		SolutionGuid = {ABB6C445-076A-4FE4-A7C3-33E8FDEC5BC2}
	EndGlobalSection
EndGlobal
