
Microsoft Visual Studio Solution File, Format Version 12.00
# Visual Studio Version 17
VisualStudioVersion = 17.7.34003.232
MinimumVisualStudioVersion = 10.0.40219.1
Project("{FAE04EC0-301F-11D3-BF4B-00C04F79EFBC}") = "Iterator", "Iterator\Iterator.csproj", "{D5F45A6B-EF25-4569-ABC4-03D1A5EBCEBF}"
EndProject
Global
	GlobalSection(SolutionConfigurationPlatforms) = preSolution
		Debug|Any CPU = Debug|Any CPU
		Release|Any CPU = Release|Any CPU
	EndGlobalSection
	GlobalSection(ProjectConfigurationPlatforms) = postSolution
		{D5F45A6B-EF25-4569-ABC4-03D1A5EBCEBF}.Debug|Any CPU.ActiveCfg = Debug|Any CPU
		{D5F45A6B-EF25-4569-ABC4-03D1A5EBCEBF}.Debug|Any CPU.Build.0 = Debug|Any CPU
		{D5F45A6B-EF25-4569-ABC4-03D1A5EBCEBF}.Release|Any CPU.ActiveCfg = Release|Any CPU
		{D5F45A6B-EF25-4569-ABC4-03D1A5EBCEBF}.Release|Any CPU.Build.0 = Release|Any CPU
	EndGlobalSection
	GlobalSection(SolutionProperties) = preSolution
		HideSolutionNode = FALSE
	EndGlobalSection
	GlobalSection(ExtensibilityGlobals) = postSolution
		SolutionGuid = {FD389AB5-5242-48C9-BA80-E7FDA2F3D399}
	EndGlobalSection
EndGlobal
